PODS:
  - Alamofire (5.9.1)
  - OHHTTPStubs/Core (9.1.0)
  - OHHTTPStubs/Default (9.1.0):
    - OHHTTPStubs/Core
    - OHHTTPStubs/JSON
    - OHHTTPStubs/NSURLSession
    - OHHTTPStubs/OHPathHelpers
  - OHHTTPStubs/JSON (9.1.0):
    - OHHTTPStubs/Core
  - OHHTTPStubs/NSURLSession (9.1.0):
    - OHHTTPStubs/Core
  - OHHTTPStubs/OHPathHelpers (9.1.0)
  - OHHTTPStubs/Swift (9.1.0):
    - OHHTTPStubs/Default

DEPENDENCIES:
  - Alamofire
  - OHHTTPStubs/Swift

SPEC REPOS:
  trunk:
    - Alamofire
    - OHHTTPStubs

SPEC CHECKSUMS:
  Alamofire: f36a35757af4587d8e4f4bfa223ad10be2422b8c
  OHHTTPStubs: 90eac6d8f2c18317baeca36698523dc67c513831

PODFILE CHECKSUM: c9a4db32fe4e58023576c6b3a8d1de6af771581f

COCOAPODS: 1.15.2
